// !$*UTF8*$!
{
	archiveVersion = 1;
	classes = {
	};
	objectVersion = 48;
	objects = {

/* Begin PBXBuildFile section */
		D917E8711FC124270035655D /* AppDelegate.m in Sources */ = {isa = PBXBuildFile; fileRef = D917E8701FC124270035655D /* AppDelegate.m */; };
		D917E8741FC124270035655D /* ViewController.m in Sources */ = {isa = PBXBuildFile; fileRef = D917E8731FC124270035655D /* ViewController.m */; };
		D917E8771FC124270035655D /* Main.storyboard in Resources */ = {isa = PBXBuildFile; fileRef = D917E8751FC124270035655D /* Main.storyboard */; };
		D917E8791FC124270035655D /* Assets.xcassets in Resources */ = {isa = PBXBuildFile; fileRef = D917E8781FC124270035655D /* Assets.xcassets */; };
		D917E87C1FC124270035655D /* LaunchScreen.storyboard in Resources */ = {isa = PBXBuildFile; fileRef = D917E87A1FC124270035655D /* LaunchScreen.storyboard */; };
		D917E87F1FC124270035655D /* main.m in Sources */ = {isa = PBXBuildFile; fileRef = D917E87E1FC124270035655D /* main.m */; };
/* End PBXBuildFile section */

/* Begin PBXFileReference section */
		D917E86C1FC124270035655D /* YSThirdPodDemo.app */ = {isa = PBXFileReference; explicitFileType = wrapper.application; includeInIndex = 0; path = YSThirdPodDemo.app; sourceTree = BUILT_PRODUCTS_DIR; };
		D917E86F1FC124270035655D /* AppDelegate.h */ = {isa = PBXFileReference; lastKnownFileType = sourcecode.c.h; path = AppDelegate.h; sourceTree = "<group>"; };
		D917E8701FC124270035655D /* AppDelegate.m */ = {isa = PBXFileReference; lastKnownFileType = sourcecode.c.objc; path = AppDelegate.m; sourceTree = "<group>"; };
		D917E8721FC124270035655D /* ViewController.h */ = {isa = PBXFileReference; lastKnownFileType = sourcecode.c.h; path = ViewController.h; sourceTree = "<group>"; };
		D917E8731FC124270035655D /* ViewController.m */ = {isa = PBXFileReference; lastKnownFileType = sourcecode.c.objc; path = ViewController.m; sourceTree = "<group>"; };
		D917E8761FC124270035655D /* Base */ = {isa = PBXFileReference; lastKnownFileType = file.storyboard; name = Base; path = Base.lproj/Main.storyboard; sourceTree = "<group>"; };
		D917E8781FC124270035655D /* Assets.xcassets */ = {isa = PBXFileReference; lastKnownFileType = folder.assetcatalog; path = Assets.xcassets; sourceTree = "<group>"; };
		D917E87B1FC124270035655D /* Base */ = {isa = PBXFileReference; lastKnownFileType = file.storyboard; name = Base; path = Base.lproj/LaunchScreen.storyboard; sourceTree = "<group>"; };
		D917E87D1FC124270035655D /* Info.plist */ = {isa = PBXFileReference; lastKnownFileType = text.plist.xml; path = Info.plist; sourceTree = "<group>"; };
		D917E87E1FC124270035655D /* main.m */ = {isa = PBXFileReference; lastKnownFileType = sourcecode.c.objc; path = main.m; sourceTree = "<group>"; };
/* End PBXFileReference section */

/* Begin PBXFrameworksBuildPhase section */
		D917E8691FC124270035655D /* Frameworks */ = {
			isa = PBXFrameworksBuildPhase;
			buildActionMask = 2147483647;
			files = (
			);
			runOnlyForDeploymentPostprocessing = 0;
		};
/* End PBXFrameworksBuildPhase section */

/* Begin PBXGroup section */
		D917E8631FC124270035655D = {
			isa = PBXGroup;
			children = (
				D917E86E1FC124270035655D /* YSThirdPodDemo */,
				D917E86D1FC124270035655D /* Products */,
			);
			sourceTree = "<group>";
		};
		D917E86D1FC124270035655D /* Products */ = {
			isa = PBXGroup;
			children = (
				D917E86C1FC124270035655D /* YSThirdPodDemo.app */,
			);
			name = Products;
			sourceTree = "<group>";
		};
		D917E86E1FC124270035655D /* YSThirdPodDemo */ = {
			isa = PBXGroup;
			children = (
				D917E86F1FC124270035655D /* AppDelegate.h */,
				D917E8701FC124270035655D /* AppDelegate.m */,
				D917E8721FC124270035655D /* ViewController.h */,
				D917E8731FC124270035655D /* ViewController.m */,
				D917E8751FC124270035655D /* Main.storyboard */,
				D917E8781FC124270035655D /* Assets.xcassets */,
				D917E87A1FC124270035655D /* LaunchScreen.storyboard */,
				D917E87D1FC124270035655D /* Info.plist */,
				D917E87E1FC124270035655D /* main.m */,
			);
			path = YSThirdPodDemo;
			sourceTree = "<group>";
		};
/* End PBXGroup section */

/* Begin PBXNativeTarget section */
		D917E86B1FC124270035655D /* YSThirdPodDemo */ = {
			isa = PBXNativeTarget;
			buildConfigurationList = D917E8821FC124270035655D /* Build configuration list for PBXNativeTarget "YSThirdPodDemo" */;
			buildPhases = (
				D917E8681FC124270035655D /* Sources */,
				D917E8691FC124270035655D /* Frameworks */,
				D917E86A1FC124270035655D /* Resources */,
			);
			buildRules = (
			);
			dependencies = (
			);
			name = YSThirdPodDemo;
			productName = YSThirdPodDemo;
			productReference = D917E86C1FC124270035655D /* YSThirdPodDemo.app */;
			productType = "com.apple.product-type.application";
		};
/* End PBXNativeTarget section */

/* Begin PBXProject section */
		D917E8641FC124270035655D /* Project object */ = {
			isa = PBXProject;
			attributes = {
				LastUpgradeCheck = 0910;
				ORGANIZATIONNAME = Michael;
				TargetAttributes = {
					D917E86B1FC124270035655D = {
						CreatedOnToolsVersion = 9.1;
						ProvisioningStyle = Automatic;
					};
				};
			};
			buildConfigurationList = D917E8671FC124270035655D /* Build configuration list for PBXProject "YSThirdPodDemo" */;
			compatibilityVersion = "Xcode 8.0";
			developmentRegion = en;
			hasScannedForEncodings = 0;
			knownRegions = (
				en,
				Base,
			);
			mainGroup = D917E8631FC124270035655D;
			productRefGroup = D917E86D1FC124270035655D /* Products */;
			projectDirPath = "";
			projectRoot = "";
			targets = (
				D917E86B1FC124270035655D /* YSThirdPodDemo */,
			);
		};
/* End PBXProject section */

/* Begin PBXResourcesBuildPhase section */
		D917E86A1FC124270035655D /* Resources */ = {
			isa = PBXResourcesBuildPhase;
			buildActionMask = 2147483647;
			files = (
				D917E87C1FC124270035655D /* LaunchScreen.storyboard in Resources */,
				D917E8791FC124270035655D /* Assets.xcassets in Resources */,
				D917E8771FC124270035655D /* Main.storyboard in Resources */,
			);
			runOnlyForDeploymentPostprocessing = 0;
		};
/* End PBXResourcesBuildPhase section */

/* Begin PBXSourcesBuildPhase section */
		D917E8681FC124270035655D /* Sources */ = {
			isa = PBXSourcesBuildPhase;
			buildActionMask = 2147483647;
			files = (
				D917E8741FC124270035655D /* ViewController.m in Sources */,
				D917E87F1FC124270035655D /* main.m in Sources */,
				D917E8711FC124270035655D /* AppDelegate.m in Sources */,
			);
			runOnlyForDeploymentPostprocessing = 0;
		};
/* End PBXSourcesBuildPhase section */

/* Begin PBXVariantGroup section */
		D917E8751FC124270035655D /* Main.storyboard */ = {
			isa = PBXVariantGroup;
			children = (
				D917E8761FC124270035655D /* Base */,
			);
			name = Main.storyboard;
			sourceTree = "<group>";
		};
		D917E87A1FC124270035655D /* LaunchScreen.storyboard */ = {
			isa = PBXVariantGroup;
			children = (
				D917E87B1FC124270035655D /* Base */,
			);
			name = LaunchScreen.storyboard;
			sourceTree = "<group>";
		};
/* End PBXVariantGroup section */

/* Begin XCBuildConfiguration section */
		D917E8801FC124270035655D /* Debug */ = {
			isa = XCBuildConfiguration;
			buildSettings = {
				ALWAYS_SEARCH_USER_PATHS = NO;
				CLANG_ANALYZER_NONNULL = YES;
				CLANG_ANALYZER_NUMBER_OBJECT_CONVERSION = YES_AGGRESSIVE;
				CLANG_CXX_LANGUAGE_STANDARD = "gnu++14";
				CLANG_CXX_LIBRARY = "libc++";
				CLANG_ENABLE_MODULES = YES;
				CLANG_ENABLE_OBJC_ARC = YES;
				CLANG_WARN_BLOCK_CAPTURE_AUTORELEASING = YES;
				CLANG_WARN_BOOL_CONVERSION = YES;
				CLANG_WARN_COMMA = YES;
				CLANG_WARN_CONSTANT_CONVERSION = YES;
				CLANG_WARN_DIRECT_OBJC_ISA_USAGE = YES_ERROR;
				CLANG_WARN_DOCUMENTATION_COMMENTS = YES;
				CLANG_WARN_EMPTY_BODY = YES;
				CLANG_WARN_ENUM_CONVERSION = YES;
				CLANG_WARN_INFINITE_RECURSION = YES;
				CLANG_WARN_INT_CONVERSION = YES;
				CLANG_WARN_NON_LITERAL_NULL_CONVERSION = YES;
				CLANG_WARN_OBJC_LITERAL_CONVERSION = YES;
				CLANG_WARN_OBJC_ROOT_CLASS = YES_ERROR;
				CLANG_WARN_RANGE_LOOP_ANALYSIS = YES;
				CLANG_WARN_STRICT_PROTOTYPES = YES;
				CLANG_WARN_SUSPICIOUS_MOVE = YES;
				CLANG_WARN_UNGUARDED_AVAILABILITY = YES_AGGRESSIVE;
				CLANG_WARN_UNREACHABLE_CODE = YES;
				CLANG_WARN__DUPLICATE_METHOD_MATCH = YES;
				CODE_SIGN_IDENTITY = "iPhone Developer";
				COPY_PHASE_STRIP = NO;
				DEBUG_INFORMATION_FORMAT = dwarf;
				ENABLE_STRICT_OBJC_MSGSEND = YES;
				ENABLE_TESTABILITY = YES;
				GCC_C_LANGUAGE_STANDARD = gnu11;
				GCC_DYNAMIC_NO_PIC = NO;
				GCC_NO_COMMON_BLOCKS = YES;
				GCC_OPTIMIZATION_LEVEL = 0;
				GCC_PREPROCESSOR_DEFINITIONS = (
					"DEBUG=1",
					"$(inherited)",
				);
				GCC_WARN_64_TO_32_BIT_CONVERSION = YES;
				GCC_WARN_ABOUT_RETURN_TYPE = YES_ERROR;
				GCC_WARN_UNDECLARED_SELECTOR = YES;
				GCC_WARN_UNINITIALIZED_AUTOS = YES_AGGRESSIVE;
				GCC_WARN_UNUSED_FUNCTION = YES;
				GCC_WARN_UNUSED_VARIABLE = YES;
				IPHONEOS_DEPLOYMENT_TARGET = 11.1;
				MTL_ENABLE_DEBUG_INFO = YES;
				ONLY_ACTIVE_ARCH = YES;
				SDKROOT = iphoneos;
			};
			name = Debug;
		};
		D917E8811FC124270035655D /* Release */ = {
			isa = XCBuildConfiguration;
			buildSettings = {
				ALWAYS_SEARCH_USER_PATHS = NO;
				CLANG_ANALYZER_NONNULL = YES;
				CLANG_ANALYZER_NUMBER_OBJECT_CONVERSION = YES_AGGRESSIVE;
				CLANG_CXX_LANGUAGE_STANDARD = "gnu++14";
				CLANG_CXX_LIBRARY = "libc++";
				CLANG_ENABLE_MODULES = YES;
				CLANG_ENABLE_OBJC_ARC = YES;
				CLANG_WARN_BLOCK_CAPTURE_AUTORELEASING = YES;
				CLANG_WARN_BOOL_CONVERSION = YES;
				CLANG_WARN_COMMA = YES;
				CLANG_WARN_CONSTANT_CONVERSION = YES;
				CLANG_WARN_DIRECT_OBJC_ISA_USAGE = YES_ERROR;
				CLANG_WARN_DOCUMENTATION_COMMENTS = YES;
				CLANG_WARN_EMPTY_BODY = YES;
				CLANG_WARN_ENUM_CONVERSION = YES;
				CLANG_WARN_INFINITE_RECURSION = YES;
				CLANG_WARN_INT_CONVERSION = YES;
				CLANG_WARN_NON_LITERAL_NULL_CONVERSION = YES;
				CLANG_WARN_OBJC_LITERAL_CONVERSION = YES;
				CLANG_WARN_OBJC_ROOT_CLASS = YES_ERROR;
				CLANG_WARN_RANGE_LOOP_ANALYSIS = YES;
				CLANG_WARN_STRICT_PROTOTYPES = YES;
				CLANG_WARN_SUSPICIOUS_MOVE = YES;
				CLANG_WARN_UNGUARDED_AVAILABILITY = YES_AGGRESSIVE;
				CLANG_WARN_UNREACHABLE_CODE = YES;
				CLANG_WARN__DUPLICATE_METHOD_MATCH = YES;
				CODE_SIGN_IDENTITY = "iPhone Developer";
				COPY_PHASE_STRIP = NO;
				DEBUG_INFORMATION_FORMAT = "dwarf-with-dsym";
				ENABLE_NS_ASSERTIONS = NO;
				ENABLE_STRICT_OBJC_MSGSEND = YES;
				GCC_C_LANGUAGE_STANDARD = gnu11;
				GCC_NO_COMMON_BLOCKS = YES;
				GCC_WARN_64_TO_32_BIT_CONVERSION = YES;
				GCC_WARN_ABOUT_RETURN_TYPE = YES_ERROR;
				GCC_WARN_UNDECLARED_SELECTOR = YES;
				GCC_WARN_UNINITIALIZED_AUTOS = YES_AGGRESSIVE;
				GCC_WARN_UNUSED_FUNCTION = YES;
				GCC_WARN_UNUSED_VARIABLE = YES;
				IPHONEOS_DEPLOYMENT_TARGET = 11.1;
				MTL_ENABLE_DEBUG_INFO = NO;
				SDKROOT = iphoneos;
				VALIDATE_PRODUCT = YES;
			};
			name = Release;
		};
		D917E8831FC124270035655D /* Debug */ = {
			isa = XCBuildConfiguration;
			buildSettings = {
				ASSETCATALOG_COMPILER_APPICON_NAME = AppIcon;
				CODE_SIGN_STYLE = Automatic;
				DEVELOPMENT_TEAM = QDH66RGJXX;
				INFOPLIST_FILE = YSThirdPodDemo/Info.plist;
				LD_RUNPATH_SEARCH_PATHS = "$(inherited) @executable_path/Frameworks";
				PRODUCT_BUNDLE_IDENTIFIER = com.yans654.YSThirdPodDemo;
				PRODUCT_NAME = "$(TARGET_NAME)";
				TARGETED_DEVICE_FAMILY = "1,2";
			};
			name = Debug;
		};
		D917E8841FC124270035655D /* Release */ = {
			isa = XCBuildConfiguration;
			buildSettings = {
				ASSETCATALOG_COMPILER_APPICON_NAME = AppIcon;
				CODE_SIGN_STYLE = Automatic;
				DEVELOPMENT_TEAM = QDH66RGJXX;
				INFOPLIST_FILE = YSThirdPodDemo/Info.plist;
				LD_RUNPATH_SEARCH_PATHS = "$(inherited) @executable_path/Frameworks";
				PRODUCT_BUNDLE_IDENTIFIER = com.yans654.YSThirdPodDemo;
				PRODUCT_NAME = "$(TARGET_NAME)";
				TARGETED_DEVICE_FAMILY = "1,2";
			};
			name = Release;
		};
/* End XCBuildConfiguration section */

/* Begin XCConfigurationList section */
		D917E8671FC124270035655D /* Build configuration list for PBXProject "YSThirdPodDemo" */ = {
			isa = XCConfigurationList;
			buildConfigurations = (
				D917E8801FC124270035655D /* Debug */,
				D917E8811FC124270035655D /* Release */,
			);
			defaultConfigurationIsVisible = 0;
			defaultConfigurationName = Release;
		};
		D917E8821FC124270035655D /* Build configuration list for PBXNativeTarget "YSThirdPodDemo" */ = {
			isa = XCConfigurationList;
			buildConfigurations = (
				D917E8831FC124270035655D /* Debug */,
				D917E8841FC124270035655D /* Release */,
			);
			defaultConfigurationIsVisible = 0;
			defaultConfigurationName = Release;
		};
/* End XCConfigurationList section */
	};
	rootObject = D917E8641FC124270035655D /* Project object */;
}
